
Microsoft Visual Studio Solution File, Format Version 12.00
# Visual Studio Version 17
VisualStudioVersion = 17.3.32901.215
MinimumVisualStudioVersion = 10.0.40219.1
Project("{9A19103F-16F7-4668-BE54-9A1E7A4F7556}") = "ParserCore", "ParserCore\ParserCore.csproj", "{DDDB6619-F84E-4E20-91CB-4BE3C22CC3D6}"
EndProject
Project("{9A19103F-16F7-4668-BE54-9A1E7A4F7556}") = "ParserGuiWpf", "ParserGuiWpf\ParserGuiWpf.csproj", "{ED1B9530-074A-4FA0-A124-36550FC378F2}"
EndProject
Global
	GlobalSection(SolutionConfigurationPlatforms) = preSolution
		Debug|Any CPU = Debug|Any CPU
		Release|Any CPU = Release|Any CPU
	EndGlobalSection
	GlobalSection(ProjectConfigurationPlatforms) = postSolution
		{DDDB6619-F84E-4E20-91CB-4BE3C22CC3D6}.Debug|Any CPU.ActiveCfg = Debug|Any CPU
		{DDDB6619-F84E-4E20-91CB-4BE3C22CC3D6}.Debug|Any CPU.Build.0 = Debug|Any CPU
		{DDDB6619-F84E-4E20-91CB-4BE3C22CC3D6}.Release|Any CPU.ActiveCfg = Release|Any CPU
		{DDDB6619-F84E-4E20-91CB-4BE3C22CC3D6}.Release|Any CPU.Build.0 = Release|Any CPU
		{ED1B9530-074A-4FA0-A124-36550FC378F2}.Debug|Any CPU.ActiveCfg = Debug|Any CPU
		{ED1B9530-074A-4FA0-A124-36550FC378F2}.Debug|Any CPU.Build.0 = Debug|Any CPU
		{ED1B9530-074A-4FA0-A124-36550FC378F2}.Release|Any CPU.ActiveCfg = Release|Any CPU
		{ED1B9530-074A-4FA0-A124-36550FC378F2}.Release|Any CPU.Build.0 = Release|Any CPU
	EndGlobalSection
	GlobalSection(SolutionProperties) = preSolution
		HideSolutionNode = FALSE
	EndGlobalSection
	GlobalSection(ExtensibilityGlobals) = postSolution
		SolutionGuid = {E081D7DB-6477-4444-9C0D-7A0D03C9C331}
	EndGlobalSection
EndGlobal
